
Microsoft Visual Studio Solution File, Format Version 12.00
# Visual Studio 15
VisualStudioVersion = 15.0.28307.489
MinimumVisualStudioVersion = 10.0.40219.1
Project("{FAE04EC0-301F-11D3-BF4B-00C04F79EFBC}") = "LPG", "LPG\LPG.csproj", "{9056825B-77DE-425F-9495-678E06A9C25D}"
EndProject
Global
	GlobalSection(SolutionConfigurationPlatforms) = preSolution
		Debug|Any CPU = Debug|Any CPU
		Release|Any CPU = Release|Any CPU
	EndGlobalSection
	GlobalSection(ProjectConfigurationPlatforms) = postSolution
		{9056825B-77DE-425F-9495-678E06A9C25D}.Debug|Any CPU.ActiveCfg = Debug|Any CPU
		{9056825B-77DE-425F-9495-678E06A9C25D}.Debug|Any CPU.Build.0 = Debug|Any CPU
		{9056825B-77DE-425F-9495-678E06A9C25D}.Release|Any CPU.ActiveCfg = Release|Any CPU
		{9056825B-77DE-425F-9495-678E06A9C25D}.Release|Any CPU.Build.0 = Release|Any CPU
	EndGlobalSection
	GlobalSection(SolutionProperties) = preSolution
		HideSolutionNode = FALSE
	EndGlobalSection
	GlobalSection(ExtensibilityGlobals) = postSolution
		SolutionGuid = {52CB32CD-5766-4202-8DC9-5E5FF9CD687F}
	EndGlobalSection
EndGlobal
